// !$*UTF8*$!
{
	archiveVersion = 1;
	classes = {
	};
	objectVersion = 46;
	objects = {

/* Begin PBXBuildFile section */
		012C9C1C1F780C2100B2150A /* DelegateExampleViewController.swift in Sources */ = {isa = PBXBuildFile; fileRef = 012C9C1B1F780C2100B2150A /* DelegateExampleViewController.swift */; };
		01A158D11E2B65E100AC7299 /* AppDelegate.swift in Sources */ = {isa = PBXBuildFile; fileRef = 01A158D01E2B65E100AC7299 /* AppDelegate.swift */; };
		01A158D31E2B65E100AC7299 /* ViewController.swift in Sources */ = {isa = PBXBuildFile; fileRef = 01A158D21E2B65E100AC7299 /* ViewController.swift */; };
		01A158D61E2B65E100AC7299 /* Main.storyboard in Resources */ = {isa = PBXBuildFile; fileRef = 01A158D41E2B65E100AC7299 /* Main.storyboard */; };
		01A158D81E2B65E100AC7299 /* Assets.xcassets in Resources */ = {isa = PBXBuildFile; fileRef = 01A158D71E2B65E100AC7299 /* Assets.xcassets */; };
		01A158DB1E2B65E100AC7299 /* LaunchScreen.storyboard in Resources */ = {isa = PBXBuildFile; fileRef = 01A158D91E2B65E100AC7299 /* LaunchScreen.storyboard */; };
		01A158E61E2B65E100AC7299 /* OpalImagePickerDemoTests.swift in Sources */ = {isa = PBXBuildFile; fileRef = 01A158E51E2B65E100AC7299 /* OpalImagePickerDemoTests.swift */; };
		2387886876E9E3634F6DF765 /* Pods_OpalImagePickerDemoTests.framework in Frameworks */ = {isa = PBXBuildFile; fileRef = 04290C3291D376D5CF2528D1 /* Pods_OpalImagePickerDemoTests.framework */; };
		7E4BE18D023A99779525A5CF /* Pods_OpalImagePickerDemo.framework in Frameworks */ = {isa = PBXBuildFile; fileRef = 600655EE521C1331CEFD2000 /* Pods_OpalImagePickerDemo.framework */; };
/* End PBXBuildFile section */

/* Begin PBXContainerItemProxy section */
		01A158E21E2B65E100AC7299 /* PBXContainerItemProxy */ = {
			isa = PBXContainerItemProxy;
			containerPortal = 01A158C51E2B65E100AC7299 /* Project object */;
			proxyType = 1;
			remoteGlobalIDString = 01A158CC1E2B65E100AC7299;
			remoteInfo = OpalImagePickerDemo;
		};
/* End PBXContainerItemProxy section */

/* Begin PBXFileReference section */
		012C9C1B1F780C2100B2150A /* DelegateExampleViewController.swift */ = {isa = PBXFileReference; lastKnownFileType = sourcecode.swift; path = DelegateExampleViewController.swift; sourceTree = "<group>"; };
		01A158CD1E2B65E100AC7299 /* OpalImagePickerDemo.app */ = {isa = PBXFileReference; explicitFileType = wrapper.application; includeInIndex = 0; path = OpalImagePickerDemo.app; sourceTree = BUILT_PRODUCTS_DIR; };
		01A158D01E2B65E100AC7299 /* AppDelegate.swift */ = {isa = PBXFileReference; lastKnownFileType = sourcecode.swift; path = AppDelegate.swift; sourceTree = "<group>"; };
		01A158D21E2B65E100AC7299 /* ViewController.swift */ = {isa = PBXFileReference; lastKnownFileType = sourcecode.swift; path = ViewController.swift; sourceTree = "<group>"; };
		01A158D51E2B65E100AC7299 /* Base */ = {isa = PBXFileReference; lastKnownFileType = file.storyboard; name = Base; path = Base.lproj/Main.storyboard; sourceTree = "<group>"; };
		01A158D71E2B65E100AC7299 /* Assets.xcassets */ = {isa = PBXFileReference; lastKnownFileType = folder.assetcatalog; path = Assets.xcassets; sourceTree = "<group>"; };
		01A158DA1E2B65E100AC7299 /* Base */ = {isa = PBXFileReference; lastKnownFileType = file.storyboard; name = Base; path = Base.lproj/LaunchScreen.storyboard; sourceTree = "<group>"; };
		01A158DC1E2B65E100AC7299 /* Info.plist */ = {isa = PBXFileReference; lastKnownFileType = text.plist.xml; path = Info.plist; sourceTree = "<group>"; };
		01A158E11E2B65E100AC7299 /* OpalImagePickerDemoTests.xctest */ = {isa = PBXFileReference; explicitFileType = wrapper.cfbundle; includeInIndex = 0; path = OpalImagePickerDemoTests.xctest; sourceTree = BUILT_PRODUCTS_DIR; };
		01A158E51E2B65E100AC7299 /* OpalImagePickerDemoTests.swift */ = {isa = PBXFileReference; lastKnownFileType = sourcecode.swift; path = OpalImagePickerDemoTests.swift; sourceTree = "<group>"; };
		01A158E71E2B65E100AC7299 /* Info.plist */ = {isa = PBXFileReference; lastKnownFileType = text.plist.xml; path = Info.plist; sourceTree = "<group>"; };
		04290C3291D376D5CF2528D1 /* Pods_OpalImagePickerDemoTests.framework */ = {isa = PBXFileReference; explicitFileType = wrapper.framework; includeInIndex = 0; path = Pods_OpalImagePickerDemoTests.framework; sourceTree = BUILT_PRODUCTS_DIR; };
		08C9DE5138B309785B02C777 /* Pods-OpalImagePickerDemoTests.release.xcconfig */ = {isa = PBXFileReference; includeInIndex = 1; lastKnownFileType = text.xcconfig; name = "Pods-OpalImagePickerDemoTests.release.xcconfig"; path = "Pods/Target Support Files/Pods-OpalImagePickerDemoTests/Pods-OpalImagePickerDemoTests.release.xcconfig"; sourceTree = "<group>"; };
		5FD1CC494ED525AE7451B58F /* Pods-OpalImagePickerDemo.release.xcconfig */ = {isa = PBXFileReference; includeInIndex = 1; lastKnownFileType = text.xcconfig; name = "Pods-OpalImagePickerDemo.release.xcconfig"; path = "Pods/Target Support Files/Pods-OpalImagePickerDemo/Pods-OpalImagePickerDemo.release.xcconfig"; sourceTree = "<group>"; };
		600655EE521C1331CEFD2000 /* Pods_OpalImagePickerDemo.framework */ = {isa = PBXFileReference; explicitFileType = wrapper.framework; includeInIndex = 0; path = Pods_OpalImagePickerDemo.framework; sourceTree = BUILT_PRODUCTS_DIR; };
		882FCFE3E2CCC26B3BCA5174 /* Pods-OpalImagePickerDemoTests.debug.xcconfig */ = {isa = PBXFileReference; includeInIndex = 1; lastKnownFileType = text.xcconfig; name = "Pods-OpalImagePickerDemoTests.debug.xcconfig"; path = "Pods/Target Support Files/Pods-OpalImagePickerDemoTests/Pods-OpalImagePickerDemoTests.debug.xcconfig"; sourceTree = "<group>"; };
		89DB162343DD175D4C40F6ED /* Pods-OpalImagePickerDemo.debug.xcconfig */ = {isa = PBXFileReference; includeInIndex = 1; lastKnownFileType = text.xcconfig; name = "Pods-OpalImagePickerDemo.debug.xcconfig"; path = "Pods/Target Support Files/Pods-OpalImagePickerDemo/Pods-OpalImagePickerDemo.debug.xcconfig"; sourceTree = "<group>"; };
/* End PBXFileReference section */

/* Begin PBXFrameworksBuildPhase section */
		01A158CA1E2B65E100AC7299 /* Frameworks */ = {
			isa = PBXFrameworksBuildPhase;
			buildActionMask = 2147483647;
			files = (
				7E4BE18D023A99779525A5CF /* Pods_OpalImagePickerDemo.framework in Frameworks */,
			);
			runOnlyForDeploymentPostprocessing = 0;
		};
		01A158DE1E2B65E100AC7299 /* Frameworks */ = {
			isa = PBXFrameworksBuildPhase;
			buildActionMask = 2147483647;
			files = (
				2387886876E9E3634F6DF765 /* Pods_OpalImagePickerDemoTests.framework in Frameworks */,
			);
			runOnlyForDeploymentPostprocessing = 0;
		};
/* End PBXFrameworksBuildPhase section */

/* Begin PBXGroup section */
		01A158C41E2B65E100AC7299 = {
			isa = PBXGroup;
			children = (
				01A158CF1E2B65E100AC7299 /* OpalImagePickerDemo */,
				01A158E41E2B65E100AC7299 /* OpalImagePickerDemoTests */,
				01A158CE1E2B65E100AC7299 /* Products */,
				E29D52C7549C82665DB1B486 /* Pods */,
				1B2ABC7CC8F65E285CEC376A /* Frameworks */,
			);
			sourceTree = "<group>";
		};
		01A158CE1E2B65E100AC7299 /* Products */ = {
			isa = PBXGroup;
			children = (
				01A158CD1E2B65E100AC7299 /* OpalImagePickerDemo.app */,
				01A158E11E2B65E100AC7299 /* OpalImagePickerDemoTests.xctest */,
			);
			name = Products;
			sourceTree = "<group>";
		};
		01A158CF1E2B65E100AC7299 /* OpalImagePickerDemo */ = {
			isa = PBXGroup;
			children = (
				01A158D01E2B65E100AC7299 /* AppDelegate.swift */,
				01A158D21E2B65E100AC7299 /* ViewController.swift */,
				012C9C1B1F780C2100B2150A /* DelegateExampleViewController.swift */,
				01A158D41E2B65E100AC7299 /* Main.storyboard */,
				01A158D71E2B65E100AC7299 /* Assets.xcassets */,
				01A158D91E2B65E100AC7299 /* LaunchScreen.storyboard */,
				01A158DC1E2B65E100AC7299 /* Info.plist */,
			);
			path = OpalImagePickerDemo;
			sourceTree = "<group>";
		};
		01A158E41E2B65E100AC7299 /* OpalImagePickerDemoTests */ = {
			isa = PBXGroup;
			children = (
				01A158E51E2B65E100AC7299 /* OpalImagePickerDemoTests.swift */,
				01A158E71E2B65E100AC7299 /* Info.plist */,
			);
			path = OpalImagePickerDemoTests;
			sourceTree = "<group>";
		};
		1B2ABC7CC8F65E285CEC376A /* Frameworks */ = {
			isa = PBXGroup;
			children = (
				600655EE521C1331CEFD2000 /* Pods_OpalImagePickerDemo.framework */,
				04290C3291D376D5CF2528D1 /* Pods_OpalImagePickerDemoTests.framework */,
			);
			name = Frameworks;
			sourceTree = "<group>";
		};
		E29D52C7549C82665DB1B486 /* Pods */ = {
			isa = PBXGroup;
			children = (
				89DB162343DD175D4C40F6ED /* Pods-OpalImagePickerDemo.debug.xcconfig */,
				5FD1CC494ED525AE7451B58F /* Pods-OpalImagePickerDemo.release.xcconfig */,
				882FCFE3E2CCC26B3BCA5174 /* Pods-OpalImagePickerDemoTests.debug.xcconfig */,
				08C9DE5138B309785B02C777 /* Pods-OpalImagePickerDemoTests.release.xcconfig */,
			);
			name = Pods;
			sourceTree = "<group>";
		};
/* End PBXGroup section */

/* Begin PBXNativeTarget section */
		01A158CC1E2B65E100AC7299 /* OpalImagePickerDemo */ = {
			isa = PBXNativeTarget;
			buildConfigurationList = 01A158EA1E2B65E100AC7299 /* Build configuration list for PBXNativeTarget "OpalImagePickerDemo" */;
			buildPhases = (
				1D93313F525300518FA86C34 /* [CP] Check Pods Manifest.lock */,
				01A158C91E2B65E100AC7299 /* Sources */,
				01A158CA1E2B65E100AC7299 /* Frameworks */,
				01A158CB1E2B65E100AC7299 /* Resources */,
				70B832BC2383541ED2DCF3A0 /* [CP] Embed Pods Frameworks */,
				010B06552013BA58002811B6 /* ShellScript */,
			);
			buildRules = (
			);
			dependencies = (
			);
			name = OpalImagePickerDemo;
			productName = OpalImagePickerDemo;
			productReference = 01A158CD1E2B65E100AC7299 /* OpalImagePickerDemo.app */;
			productType = "com.apple.product-type.application";
		};
		01A158E01E2B65E100AC7299 /* OpalImagePickerDemoTests */ = {
			isa = PBXNativeTarget;
			buildConfigurationList = 01A158ED1E2B65E100AC7299 /* Build configuration list for PBXNativeTarget "OpalImagePickerDemoTests" */;
			buildPhases = (
				3466E0B712338F6A8C2A8416 /* [CP] Check Pods Manifest.lock */,
				01A158DD1E2B65E100AC7299 /* Sources */,
				01A158DE1E2B65E100AC7299 /* Frameworks */,
				01A158DF1E2B65E100AC7299 /* Resources */,
			);
			buildRules = (
			);
			dependencies = (
				01A158E31E2B65E100AC7299 /* PBXTargetDependency */,
			);
			name = OpalImagePickerDemoTests;
			productName = OpalImagePickerDemoTests;
			productReference = 01A158E11E2B65E100AC7299 /* OpalImagePickerDemoTests.xctest */;
			productType = "com.apple.product-type.bundle.unit-test";
		};
/* End PBXNativeTarget section */

/* Begin PBXProject section */
		01A158C51E2B65E100AC7299 /* Project object */ = {
			isa = PBXProject;
			attributes = {
				LastSwiftUpdateCheck = 0820;
				LastUpgradeCheck = 1020;
				ORGANIZATIONNAME = "Opal Orange LLC";
				TargetAttributes = {
					01A158CC1E2B65E100AC7299 = {
						CreatedOnToolsVersion = 8.2.1;
						DevelopmentTeam = 9RKC9R3T95;
						LastSwiftMigration = 1020;
						ProvisioningStyle = Automatic;
					};
					01A158E01E2B65E100AC7299 = {
						CreatedOnToolsVersion = 8.2.1;
						LastSwiftMigration = 1020;
						ProvisioningStyle = Automatic;
						TestTargetID = 01A158CC1E2B65E100AC7299;
					};
				};
			};
			buildConfigurationList = 01A158C81E2B65E100AC7299 /* Build configuration list for PBXProject "OpalImagePickerDemo" */;
			compatibilityVersion = "Xcode 3.2";
			developmentRegion = en;
			hasScannedForEncodings = 0;
			knownRegions = (
				en,
				Base,
			);
			mainGroup = 01A158C41E2B65E100AC7299;
			productRefGroup = 01A158CE1E2B65E100AC7299 /* Products */;
			projectDirPath = "";
			projectRoot = "";
			targets = (
				01A158CC1E2B65E100AC7299 /* OpalImagePickerDemo */,
				01A158E01E2B65E100AC7299 /* OpalImagePickerDemoTests */,
			);
		};
/* End PBXProject section */

/* Begin PBXResourcesBuildPhase section */
		01A158CB1E2B65E100AC7299 /* Resources */ = {
			isa = PBXResourcesBuildPhase;
			buildActionMask = 2147483647;
			files = (
				01A158DB1E2B65E100AC7299 /* LaunchScreen.storyboard in Resources */,
				01A158D81E2B65E100AC7299 /* Assets.xcassets in Resources */,
				01A158D61E2B65E100AC7299 /* Main.storyboard in Resources */,
			);
			runOnlyForDeploymentPostprocessing = 0;
		};
		01A158DF1E2B65E100AC7299 /* Resources */ = {
			isa = PBXResourcesBuildPhase;
			buildActionMask = 2147483647;
			files = (
			);
			runOnlyForDeploymentPostprocessing = 0;
		};
/* End PBXResourcesBuildPhase section */

/* Begin PBXShellScriptBuildPhase section */
		010B06552013BA58002811B6 /* ShellScript */ = {
			isa = PBXShellScriptBuildPhase;
			buildActionMask = 2147483647;
			files = (
			);
			inputPaths = (
			);
			outputPaths = (
			);
			runOnlyForDeploymentPostprocessing = 0;
			shellPath = /bin/sh;
			shellScript = "if which swiftlint >/dev/null; then\nswiftlint\nelse\necho \"warning: SwiftLint not installed, download from https://github.com/realm/SwiftLint\"\nfi";
		};
		1D93313F525300518FA86C34 /* [CP] Check Pods Manifest.lock */ = {
			isa = PBXShellScriptBuildPhase;
			buildActionMask = 2147483647;
			files = (
			);
			inputPaths = (
				"${PODS_PODFILE_DIR_PATH}/Podfile.lock",
				"${PODS_ROOT}/Manifest.lock",
			);
			name = "[CP] Check Pods Manifest.lock";
			outputPaths = (
				"$(DERIVED_FILE_DIR)/Pods-OpalImagePickerDemo-checkManifestLockResult.txt",
			);
			runOnlyForDeploymentPostprocessing = 0;
			shellPath = /bin/sh;
			shellScript = "diff \"${PODS_PODFILE_DIR_PATH}/Podfile.lock\" \"${PODS_ROOT}/Manifest.lock\" > /dev/null\nif [ $? != 0 ] ; then\n    # print error to STDERR\n    echo \"error: The sandbox is not in sync with the Podfile.lock. Run 'pod install' or update your CocoaPods installation.\" >&2\n    exit 1\nfi\n# This output is used by Xcode 'outputs' to avoid re-running this script phase.\necho \"SUCCESS\" > \"${SCRIPT_OUTPUT_FILE_0}\"\n";
			showEnvVarsInLog = 0;
		};
		3466E0B712338F6A8C2A8416 /* [CP] Check Pods Manifest.lock */ = {
			isa = PBXShellScriptBuildPhase;
			buildActionMask = 2147483647;
			files = (
			);
			inputPaths = (
				"${PODS_PODFILE_DIR_PATH}/Podfile.lock",
				"${PODS_ROOT}/Manifest.lock",
			);
			name = "[CP] Check Pods Manifest.lock";
			outputPaths = (
				"$(DERIVED_FILE_DIR)/Pods-OpalImagePickerDemoTests-checkManifestLockResult.txt",
			);
			runOnlyForDeploymentPostprocessing = 0;
			shellPath = /bin/sh;
			shellScript = "diff \"${PODS_PODFILE_DIR_PATH}/Podfile.lock\" \"${PODS_ROOT}/Manifest.lock\" > /dev/null\nif [ $? != 0 ] ; then\n    # print error to STDERR\n    echo \"error: The sandbox is not in sync with the Podfile.lock. Run 'pod install' or update your CocoaPods installation.\" >&2\n    exit 1\nfi\n# This output is used by Xcode 'outputs' to avoid re-running this script phase.\necho \"SUCCESS\" > \"${SCRIPT_OUTPUT_FILE_0}\"\n";
			showEnvVarsInLog = 0;
		};
		70B832BC2383541ED2DCF3A0 /* [CP] Embed Pods Frameworks */ = {
			isa = PBXShellScriptBuildPhase;
			buildActionMask = 2147483647;
			files = (
			);
			inputPaths = (
				"${PODS_ROOT}/Target Support Files/Pods-OpalImagePickerDemo/Pods-OpalImagePickerDemo-frameworks.sh",
				"${BUILT_PRODUCTS_DIR}/OpalImagePicker/OpalImagePicker.framework",
			);
			name = "[CP] Embed Pods Frameworks";
			outputPaths = (
				"${TARGET_BUILD_DIR}/${FRAMEWORKS_FOLDER_PATH}/OpalImagePicker.framework",
			);
			runOnlyForDeploymentPostprocessing = 0;
			shellPath = /bin/sh;
			shellScript = "\"${PODS_ROOT}/Target Support Files/Pods-OpalImagePickerDemo/Pods-OpalImagePickerDemo-frameworks.sh\"\n";
			showEnvVarsInLog = 0;
		};
/* End PBXShellScriptBuildPhase section */

/* Begin PBXSourcesBuildPhase section */
		01A158C91E2B65E100AC7299 /* Sources */ = {
			isa = PBXSourcesBuildPhase;
			buildActionMask = 2147483647;
			files = (
				012C9C1C1F780C2100B2150A /* DelegateExampleViewController.swift in Sources */,
				01A158D31E2B65E100AC7299 /* ViewController.swift in Sources */,
				01A158D11E2B65E100AC7299 /* AppDelegate.swift in Sources */,
			);
			runOnlyForDeploymentPostprocessing = 0;
		};
		01A158DD1E2B65E100AC7299 /* Sources */ = {
			isa = PBXSourcesBuildPhase;
			buildActionMask = 2147483647;
			files = (
				01A158E61E2B65E100AC7299 /* OpalImagePickerDemoTests.swift in Sources */,
			);
			runOnlyForDeploymentPostprocessing = 0;
		};
/* End PBXSourcesBuildPhase section */

/* Begin PBXTargetDependency section */
		01A158E31E2B65E100AC7299 /* PBXTargetDependency */ = {
			isa = PBXTargetDependency;
			target = 01A158CC1E2B65E100AC7299 /* OpalImagePickerDemo */;
			targetProxy = 01A158E21E2B65E100AC7299 /* PBXContainerItemProxy */;
		};
/* End PBXTargetDependency section */

/* Begin PBXVariantGroup section */
		01A158D41E2B65E100AC7299 /* Main.storyboard */ = {
			isa = PBXVariantGroup;
			children = (
				01A158D51E2B65E100AC7299 /* Base */,
			);
			name = Main.storyboard;
			sourceTree = "<group>";
		};
		01A158D91E2B65E100AC7299 /* LaunchScreen.storyboard */ = {
			isa = PBXVariantGroup;
			children = (
				01A158DA1E2B65E100AC7299 /* Base */,
			);
			name = LaunchScreen.storyboard;
			sourceTree = "<group>";
		};
/* End PBXVariantGroup section */

/* Begin XCBuildConfiguration section */
		01A158E81E2B65E100AC7299 /* Debug */ = {
			isa = XCBuildConfiguration;
			buildSettings = {
				ALWAYS_SEARCH_USER_PATHS = NO;
				CLANG_ANALYZER_LOCALIZABILITY_NONLOCALIZED = YES;
				CLANG_ANALYZER_NONNULL = YES;
				CLANG_CXX_LANGUAGE_STANDARD = "gnu++0x";
				CLANG_CXX_LIBRARY = "libc++";
				CLANG_ENABLE_MODULES = YES;
				CLANG_ENABLE_OBJC_ARC = YES;
				CLANG_WARN_BLOCK_CAPTURE_AUTORELEASING = YES;
				CLANG_WARN_BOOL_CONVERSION = YES;
				CLANG_WARN_COMMA = YES;
				CLANG_WARN_CONSTANT_CONVERSION = YES;
				CLANG_WARN_DEPRECATED_OBJC_IMPLEMENTATIONS = YES;
				CLANG_WARN_DIRECT_OBJC_ISA_USAGE = YES_ERROR;
				CLANG_WARN_DOCUMENTATION_COMMENTS = YES;
				CLANG_WARN_EMPTY_BODY = YES;
				CLANG_WARN_ENUM_CONVERSION = YES;
				CLANG_WARN_INFINITE_RECURSION = YES;
				CLANG_WARN_INT_CONVERSION = YES;
				CLANG_WARN_NON_LITERAL_NULL_CONVERSION = YES;
				CLANG_WARN_OBJC_IMPLICIT_RETAIN_SELF = YES;
				CLANG_WARN_OBJC_LITERAL_CONVERSION = YES;
				CLANG_WARN_OBJC_ROOT_CLASS = YES_ERROR;
				CLANG_WARN_RANGE_LOOP_ANALYSIS = YES;
				CLANG_WARN_STRICT_PROTOTYPES = YES;
				CLANG_WARN_SUSPICIOUS_MOVE = YES;
				CLANG_WARN_UNREACHABLE_CODE = YES;
				CLANG_WARN__DUPLICATE_METHOD_MATCH = YES;
				"CODE_SIGN_IDENTITY[sdk=iphoneos*]" = "iPhone Developer";
				COPY_PHASE_STRIP = NO;
				DEBUG_INFORMATION_FORMAT = dwarf;
				ENABLE_STRICT_OBJC_MSGSEND = YES;
				ENABLE_TESTABILITY = YES;
				GCC_C_LANGUAGE_STANDARD = gnu99;
				GCC_DYNAMIC_NO_PIC = NO;
				GCC_NO_COMMON_BLOCKS = YES;
				GCC_OPTIMIZATION_LEVEL = 0;
				GCC_PREPROCESSOR_DEFINITIONS = (
					"DEBUG=1",
					"$(inherited)",
				);
				GCC_WARN_64_TO_32_BIT_CONVERSION = YES;
				GCC_WARN_ABOUT_RETURN_TYPE = YES_ERROR;
				GCC_WARN_UNDECLARED_SELECTOR = YES;
				GCC_WARN_UNINITIALIZED_AUTOS = YES_AGGRESSIVE;
				GCC_WARN_UNUSED_FUNCTION = YES;
				GCC_WARN_UNUSED_VARIABLE = YES;
				IPHONEOS_DEPLOYMENT_TARGET = 10.2;
				MTL_ENABLE_DEBUG_INFO = YES;
				ONLY_ACTIVE_ARCH = YES;
				SDKROOT = iphoneos;
				SWIFT_ACTIVE_COMPILATION_CONDITIONS = DEBUG;
				SWIFT_INSTALL_OBJC_HEADER = NO;
				SWIFT_OPTIMIZATION_LEVEL = "-Onone";
				SWIFT_VERSION = 5.0;
				TARGETED_DEVICE_FAMILY = "1,2";
			};
			name = Debug;
		};
		01A158E91E2B65E100AC7299 /* Release */ = {
			isa = XCBuildConfiguration;
			buildSettings = {
				ALWAYS_SEARCH_USER_PATHS = NO;
				CLANG_ANALYZER_LOCALIZABILITY_NONLOCALIZED = YES;
				CLANG_ANALYZER_NONNULL = YES;
				CLANG_CXX_LANGUAGE_STANDARD = "gnu++0x";
				CLANG_CXX_LIBRARY = "libc++";
				CLANG_ENABLE_MODULES = YES;
				CLANG_ENABLE_OBJC_ARC = YES;
				CLANG_WARN_BLOCK_CAPTURE_AUTORELEASING = YES;
				CLANG_WARN_BOOL_CONVERSION = YES;
				CLANG_WARN_COMMA = YES;
				CLANG_WARN_CONSTANT_CONVERSION = YES;
				CLANG_WARN_DEPRECATED_OBJC_IMPLEMENTATIONS = YES;
				CLANG_WARN_DIRECT_OBJC_ISA_USAGE = YES_ERROR;
				CLANG_WARN_DOCUMENTATION_COMMENTS = YES;
				CLANG_WARN_EMPTY_BODY = YES;
				CLANG_WARN_ENUM_CONVERSION = YES;
				CLANG_WARN_INFINITE_RECURSION = YES;
				CLANG_WARN_INT_CONVERSION = YES;
				CLANG_WARN_NON_LITERAL_NULL_CONVERSION = YES;
				CLANG_WARN_OBJC_IMPLICIT_RETAIN_SELF = YES;
				CLANG_WARN_OBJC_LITERAL_CONVERSION = YES;
				CLANG_WARN_OBJC_ROOT_CLASS = YES_ERROR;
				CLANG_WARN_RANGE_LOOP_ANALYSIS = YES;
				CLANG_WARN_STRICT_PROTOTYPES = YES;
				CLANG_WARN_SUSPICIOUS_MOVE = YES;
				CLANG_WARN_UNREACHABLE_CODE = YES;
				CLANG_WARN__DUPLICATE_METHOD_MATCH = YES;
				"CODE_SIGN_IDENTITY[sdk=iphoneos*]" = "iPhone Developer";
				COPY_PHASE_STRIP = NO;
				DEBUG_INFORMATION_FORMAT = "dwarf-with-dsym";
				ENABLE_NS_ASSERTIONS = NO;
				ENABLE_STRICT_OBJC_MSGSEND = YES;
				GCC_C_LANGUAGE_STANDARD = gnu99;
				GCC_NO_COMMON_BLOCKS = YES;
				GCC_WARN_64_TO_32_BIT_CONVERSION = YES;
				GCC_WARN_ABOUT_RETURN_TYPE = YES_ERROR;
				GCC_WARN_UNDECLARED_SELECTOR = YES;
				GCC_WARN_UNINITIALIZED_AUTOS = YES_AGGRESSIVE;
				GCC_WARN_UNUSED_FUNCTION = YES;
				GCC_WARN_UNUSED_VARIABLE = YES;
				IPHONEOS_DEPLOYMENT_TARGET = 10.2;
				MTL_ENABLE_DEBUG_INFO = NO;
				SDKROOT = iphoneos;
				SWIFT_INSTALL_OBJC_HEADER = NO;
				SWIFT_OPTIMIZATION_LEVEL = "-Owholemodule";
				SWIFT_VERSION = 5.0;
				TARGETED_DEVICE_FAMILY = "1,2";
				VALIDATE_PRODUCT = YES;
			};
			name = Release;
		};
		01A158EB1E2B65E100AC7299 /* Debug */ = {
			isa = XCBuildConfiguration;
			baseConfigurationReference = 89DB162343DD175D4C40F6ED /* Pods-OpalImagePickerDemo.debug.xcconfig */;
			buildSettings = {
				ASSETCATALOG_COMPILER_APPICON_NAME = AppIcon;
				CLANG_ENABLE_MODULES = YES;
				DEVELOPMENT_TEAM = 9RKC9R3T95;
				INFOPLIST_FILE = OpalImagePickerDemo/Info.plist;
				IPHONEOS_DEPLOYMENT_TARGET = 8.0;
				LD_RUNPATH_SEARCH_PATHS = "$(inherited) @executable_path/Frameworks";
				PRODUCT_BUNDLE_IDENTIFIER = com.opalorange.OpalImagePickerDemo;
				PRODUCT_NAME = "$(TARGET_NAME)";
				SWIFT_OPTIMIZATION_LEVEL = "-Onone";
				SWIFT_VERSION = 5.0;
			};
			name = Debug;
		};
		01A158EC1E2B65E100AC7299 /* Release */ = {
			isa = XCBuildConfiguration;
			baseConfigurationReference = 5FD1CC494ED525AE7451B58F /* Pods-OpalImagePickerDemo.release.xcconfig */;
			buildSettings = {
				ASSETCATALOG_COMPILER_APPICON_NAME = AppIcon;
				CLANG_ENABLE_MODULES = YES;
				DEVELOPMENT_TEAM = 9RKC9R3T95;
				INFOPLIST_FILE = OpalImagePickerDemo/Info.plist;
				IPHONEOS_DEPLOYMENT_TARGET = 8.0;
				LD_RUNPATH_SEARCH_PATHS = "$(inherited) @executable_path/Frameworks";
				PRODUCT_BUNDLE_IDENTIFIER = com.opalorange.OpalImagePickerDemo;
				PRODUCT_NAME = "$(TARGET_NAME)";
				SWIFT_VERSION = 5.0;
			};
			name = Release;
		};
		01A158EE1E2B65E100AC7299 /* Debug */ = {
			isa = XCBuildConfiguration;
			baseConfigurationReference = 882FCFE3E2CCC26B3BCA5174 /* Pods-OpalImagePickerDemoTests.debug.xcconfig */;
			buildSettings = {
				ALWAYS_EMBED_SWIFT_STANDARD_LIBRARIES = YES;
				BUNDLE_LOADER = "$(TEST_HOST)";
				INFOPLIST_FILE = OpalImagePickerDemoTests/Info.plist;
				LD_RUNPATH_SEARCH_PATHS = "$(inherited) @executable_path/Frameworks @loader_path/Frameworks";
				PRODUCT_BUNDLE_IDENTIFIER = com.opalorange.OpalImagePickerDemoTests;
				PRODUCT_NAME = "$(TARGET_NAME)";
				SWIFT_VERSION = 5.0;
				TEST_HOST = "$(BUILT_PRODUCTS_DIR)/OpalImagePickerDemo.app/OpalImagePickerDemo";
			};
			name = Debug;
		};
		01A158EF1E2B65E100AC7299 /* Release */ = {
			isa = XCBuildConfiguration;
			baseConfigurationReference = 08C9DE5138B309785B02C777 /* Pods-OpalImagePickerDemoTests.release.xcconfig */;
			buildSettings = {
				ALWAYS_EMBED_SWIFT_STANDARD_LIBRARIES = YES;
				BUNDLE_LOADER = "$(TEST_HOST)";
				INFOPLIST_FILE = OpalImagePickerDemoTests/Info.plist;
				LD_RUNPATH_SEARCH_PATHS = "$(inherited) @executable_path/Frameworks @loader_path/Frameworks";
				PRODUCT_BUNDLE_IDENTIFIER = com.opalorange.OpalImagePickerDemoTests;
				PRODUCT_NAME = "$(TARGET_NAME)";
				SWIFT_VERSION = 5.0;
				TEST_HOST = "$(BUILT_PRODUCTS_DIR)/OpalImagePickerDemo.app/OpalImagePickerDemo";
			};
			name = Release;
		};
/* End XCBuildConfiguration section */

/* Begin XCConfigurationList section */
		01A158C81E2B65E100AC7299 /* Build configuration list for PBXProject "OpalImagePickerDemo" */ = {
			isa = XCConfigurationList;
			buildConfigurations = (
				01A158E81E2B65E100AC7299 /* Debug */,
				01A158E91E2B65E100AC7299 /* Release */,
			);
			defaultConfigurationIsVisible = 0;
			defaultConfigurationName = Release;
		};
		01A158EA1E2B65E100AC7299 /* Build configuration list for PBXNativeTarget "OpalImagePickerDemo" */ = {
			isa = XCConfigurationList;
			buildConfigurations = (
				01A158EB1E2B65E100AC7299 /* Debug */,
				01A158EC1E2B65E100AC7299 /* Release */,
			);
			defaultConfigurationIsVisible = 0;
			defaultConfigurationName = Release;
		};
		01A158ED1E2B65E100AC7299 /* Build configuration list for PBXNativeTarget "OpalImagePickerDemoTests" */ = {
			isa = XCConfigurationList;
			buildConfigurations = (
				01A158EE1E2B65E100AC7299 /* Debug */,
				01A158EF1E2B65E100AC7299 /* Release */,
			);
			defaultConfigurationIsVisible = 0;
			defaultConfigurationName = Release;
		};
/* End XCConfigurationList section */
	};
	rootObject = 01A158C51E2B65E100AC7299 /* Project object */;
}
