// !$*UTF8*$!
{
	archiveVersion = 1;
	classes = {
	};
	objectVersion = 46;
	objects = {

/* Begin PBXBuildFile section */
		8B4FE0371E4C54C90057D29F /* AppDelegate.swift in Sources */ = {isa = PBXBuildFile; fileRef = 8B4FE0361E4C54C90057D29F /* AppDelegate.swift */; };
		8B4FE0391E4C54C90057D29F /* MainViewController.swift in Sources */ = {isa = PBXBuildFile; fileRef = 8B4FE0381E4C54C90057D29F /* MainViewController.swift */; };
		8B4FE03C1E4C54C90057D29F /* Main.storyboard in Resources */ = {isa = PBXBuildFile; fileRef = 8B4FE03A1E4C54C90057D29F /* Main.storyboard */; };
		8B4FE03E1E4C54C90057D29F /* Assets.xcassets in Resources */ = {isa = PBXBuildFile; fileRef = 8B4FE03D1E4C54C90057D29F /* Assets.xcassets */; };
		8B4FE0411E4C54C90057D29F /* LaunchScreen.storyboard in Resources */ = {isa = PBXBuildFile; fileRef = 8B4FE03F1E4C54C90057D29F /* LaunchScreen.storyboard */; };
		8B4FE04C1E4C54C90057D29F /* OpalImagePickerDemoTests.swift in Sources */ = {isa = PBXBuildFile; fileRef = 8B4FE04B1E4C54C90057D29F /* OpalImagePickerDemoTests.swift */; };
		8B4FE0571E4C54C90057D29F /* OpalImagePickerDemoUITests.swift in Sources */ = {isa = PBXBuildFile; fileRef = 8B4FE0561E4C54C90057D29F /* OpalImagePickerDemoUITests.swift */; };
		8BBF50E71E4C58A500A4DB1B /* MainCollectionViewCell.swift in Sources */ = {isa = PBXBuildFile; fileRef = 8BBF50E61E4C58A500A4DB1B /* MainCollectionViewCell.swift */; };
		8BBF50E91E4C5B5A00A4DB1B /* PreviewViewController.swift in Sources */ = {isa = PBXBuildFile; fileRef = 8BBF50E81E4C5B5A00A4DB1B /* PreviewViewController.swift */; };
		C4AF36786A83ADCCAE48AF0A /* Pods_OpalImagePickerDemoTests.framework in Frameworks */ = {isa = PBXBuildFile; fileRef = E2CFB496E399B45E3FF1A8BB /* Pods_OpalImagePickerDemoTests.framework */; };
		FB3B30210EB6DFF5A846F46B /* Pods_OpalImagePickerDemo.framework in Frameworks */ = {isa = PBXBuildFile; fileRef = AEE1351FB24BABCA44ED3886 /* Pods_OpalImagePickerDemo.framework */; };
/* End PBXBuildFile section */

/* Begin PBXContainerItemProxy section */
		8B4FE0481E4C54C90057D29F /* PBXContainerItemProxy */ = {
			isa = PBXContainerItemProxy;
			containerPortal = 8B4FE02B1E4C54C90057D29F /* Project object */;
			proxyType = 1;
			remoteGlobalIDString = 8B4FE0321E4C54C90057D29F;
			remoteInfo = OpalImagePickerDemo;
		};
		8B4FE0531E4C54C90057D29F /* PBXContainerItemProxy */ = {
			isa = PBXContainerItemProxy;
			containerPortal = 8B4FE02B1E4C54C90057D29F /* Project object */;
			proxyType = 1;
			remoteGlobalIDString = 8B4FE0321E4C54C90057D29F;
			remoteInfo = OpalImagePickerDemo;
		};
/* End PBXContainerItemProxy section */

/* Begin PBXFileReference section */
		06869005C9EE10260CDA01AC /* Pods-OpalImagePickerDemoTests.debug.xcconfig */ = {isa = PBXFileReference; includeInIndex = 1; lastKnownFileType = text.xcconfig; name = "Pods-OpalImagePickerDemoTests.debug.xcconfig"; path = "Pods/Target Support Files/Pods-OpalImagePickerDemoTests/Pods-OpalImagePickerDemoTests.debug.xcconfig"; sourceTree = "<group>"; };
		6BF535C8346EED94AE7F31D6 /* Pods-OpalImagePickerDemo.debug.xcconfig */ = {isa = PBXFileReference; includeInIndex = 1; lastKnownFileType = text.xcconfig; name = "Pods-OpalImagePickerDemo.debug.xcconfig"; path = "Pods/Target Support Files/Pods-OpalImagePickerDemo/Pods-OpalImagePickerDemo.debug.xcconfig"; sourceTree = "<group>"; };
		8B4FE0331E4C54C90057D29F /* OpalImagePickerDemo.app */ = {isa = PBXFileReference; explicitFileType = wrapper.application; includeInIndex = 0; path = OpalImagePickerDemo.app; sourceTree = BUILT_PRODUCTS_DIR; };
		8B4FE0361E4C54C90057D29F /* AppDelegate.swift */ = {isa = PBXFileReference; lastKnownFileType = sourcecode.swift; path = AppDelegate.swift; sourceTree = "<group>"; };
		8B4FE0381E4C54C90057D29F /* MainViewController.swift */ = {isa = PBXFileReference; lastKnownFileType = sourcecode.swift; path = MainViewController.swift; sourceTree = "<group>"; };
		8B4FE03B1E4C54C90057D29F /* Base */ = {isa = PBXFileReference; lastKnownFileType = file.storyboard; name = Base; path = Base.lproj/Main.storyboard; sourceTree = "<group>"; };
		8B4FE03D1E4C54C90057D29F /* Assets.xcassets */ = {isa = PBXFileReference; lastKnownFileType = folder.assetcatalog; path = Assets.xcassets; sourceTree = "<group>"; };
		8B4FE0401E4C54C90057D29F /* Base */ = {isa = PBXFileReference; lastKnownFileType = file.storyboard; name = Base; path = Base.lproj/LaunchScreen.storyboard; sourceTree = "<group>"; };
		8B4FE0421E4C54C90057D29F /* Info.plist */ = {isa = PBXFileReference; lastKnownFileType = text.plist.xml; path = Info.plist; sourceTree = "<group>"; };
		8B4FE0471E4C54C90057D29F /* OpalImagePickerDemoTests.xctest */ = {isa = PBXFileReference; explicitFileType = wrapper.cfbundle; includeInIndex = 0; path = OpalImagePickerDemoTests.xctest; sourceTree = BUILT_PRODUCTS_DIR; };
		8B4FE04B1E4C54C90057D29F /* OpalImagePickerDemoTests.swift */ = {isa = PBXFileReference; lastKnownFileType = sourcecode.swift; path = OpalImagePickerDemoTests.swift; sourceTree = "<group>"; };
		8B4FE04D1E4C54C90057D29F /* Info.plist */ = {isa = PBXFileReference; lastKnownFileType = text.plist.xml; path = Info.plist; sourceTree = "<group>"; };
		8B4FE0521E4C54C90057D29F /* OpalImagePickerDemoUITests.xctest */ = {isa = PBXFileReference; explicitFileType = wrapper.cfbundle; includeInIndex = 0; path = OpalImagePickerDemoUITests.xctest; sourceTree = BUILT_PRODUCTS_DIR; };
		8B4FE0561E4C54C90057D29F /* OpalImagePickerDemoUITests.swift */ = {isa = PBXFileReference; lastKnownFileType = sourcecode.swift; path = OpalImagePickerDemoUITests.swift; sourceTree = "<group>"; };
		8B4FE0581E4C54C90057D29F /* Info.plist */ = {isa = PBXFileReference; lastKnownFileType = text.plist.xml; path = Info.plist; sourceTree = "<group>"; };
		8BBF50E61E4C58A500A4DB1B /* MainCollectionViewCell.swift */ = {isa = PBXFileReference; fileEncoding = 4; lastKnownFileType = sourcecode.swift; path = MainCollectionViewCell.swift; sourceTree = "<group>"; };
		8BBF50E81E4C5B5A00A4DB1B /* PreviewViewController.swift */ = {isa = PBXFileReference; fileEncoding = 4; lastKnownFileType = sourcecode.swift; path = PreviewViewController.swift; sourceTree = "<group>"; };
		8C41B4DA7AB3362A56790F9F /* Pods-OpalImagePickerDemoTests.release.xcconfig */ = {isa = PBXFileReference; includeInIndex = 1; lastKnownFileType = text.xcconfig; name = "Pods-OpalImagePickerDemoTests.release.xcconfig"; path = "Pods/Target Support Files/Pods-OpalImagePickerDemoTests/Pods-OpalImagePickerDemoTests.release.xcconfig"; sourceTree = "<group>"; };
		AEE1351FB24BABCA44ED3886 /* Pods_OpalImagePickerDemo.framework */ = {isa = PBXFileReference; explicitFileType = wrapper.framework; includeInIndex = 0; path = Pods_OpalImagePickerDemo.framework; sourceTree = BUILT_PRODUCTS_DIR; };
		C6255DFB4CFB9820B03D5AA7 /* Pods-OpalImagePickerDemo.release.xcconfig */ = {isa = PBXFileReference; includeInIndex = 1; lastKnownFileType = text.xcconfig; name = "Pods-OpalImagePickerDemo.release.xcconfig"; path = "Pods/Target Support Files/Pods-OpalImagePickerDemo/Pods-OpalImagePickerDemo.release.xcconfig"; sourceTree = "<group>"; };
		E2CFB496E399B45E3FF1A8BB /* Pods_OpalImagePickerDemoTests.framework */ = {isa = PBXFileReference; explicitFileType = wrapper.framework; includeInIndex = 0; path = Pods_OpalImagePickerDemoTests.framework; sourceTree = BUILT_PRODUCTS_DIR; };
/* End PBXFileReference section */

/* Begin PBXFrameworksBuildPhase section */
		8B4FE0301E4C54C90057D29F /* Frameworks */ = {
			isa = PBXFrameworksBuildPhase;
			buildActionMask = 2147483647;
			files = (
				FB3B30210EB6DFF5A846F46B /* Pods_OpalImagePickerDemo.framework in Frameworks */,
			);
			runOnlyForDeploymentPostprocessing = 0;
		};
		8B4FE0441E4C54C90057D29F /* Frameworks */ = {
			isa = PBXFrameworksBuildPhase;
			buildActionMask = 2147483647;
			files = (
				C4AF36786A83ADCCAE48AF0A /* Pods_OpalImagePickerDemoTests.framework in Frameworks */,
			);
			runOnlyForDeploymentPostprocessing = 0;
		};
		8B4FE04F1E4C54C90057D29F /* Frameworks */ = {
			isa = PBXFrameworksBuildPhase;
			buildActionMask = 2147483647;
			files = (
			);
			runOnlyForDeploymentPostprocessing = 0;
		};
/* End PBXFrameworksBuildPhase section */

/* Begin PBXGroup section */
		80639FA483E0B8E323C911A5 /* Frameworks */ = {
			isa = PBXGroup;
			children = (
				AEE1351FB24BABCA44ED3886 /* Pods_OpalImagePickerDemo.framework */,
				E2CFB496E399B45E3FF1A8BB /* Pods_OpalImagePickerDemoTests.framework */,
			);
			name = Frameworks;
			sourceTree = "<group>";
		};
		8B4FE02A1E4C54C90057D29F = {
			isa = PBXGroup;
			children = (
				8B4FE0351E4C54C90057D29F /* OpalImagePickerDemo */,
				8B4FE04A1E4C54C90057D29F /* OpalImagePickerDemoTests */,
				8B4FE0551E4C54C90057D29F /* OpalImagePickerDemoUITests */,
				8B4FE0341E4C54C90057D29F /* Products */,
				E14E803403CA096447D1441C /* Pods */,
				80639FA483E0B8E323C911A5 /* Frameworks */,
			);
			sourceTree = "<group>";
		};
		8B4FE0341E4C54C90057D29F /* Products */ = {
			isa = PBXGroup;
			children = (
				8B4FE0331E4C54C90057D29F /* OpalImagePickerDemo.app */,
				8B4FE0471E4C54C90057D29F /* OpalImagePickerDemoTests.xctest */,
				8B4FE0521E4C54C90057D29F /* OpalImagePickerDemoUITests.xctest */,
			);
			name = Products;
			sourceTree = "<group>";
		};
		8B4FE0351E4C54C90057D29F /* OpalImagePickerDemo */ = {
			isa = PBXGroup;
			children = (
				8BBF50EA1E4C5C8000A4DB1B /* View */,
				8BBF50EB1E4C5C8E00A4DB1B /* ViewController */,
				8BBF50EC1E4C5CA100A4DB1B /* Supporting Files */,
			);
			path = OpalImagePickerDemo;
			sourceTree = "<group>";
		};
		8B4FE04A1E4C54C90057D29F /* OpalImagePickerDemoTests */ = {
			isa = PBXGroup;
			children = (
				8B4FE04B1E4C54C90057D29F /* OpalImagePickerDemoTests.swift */,
				8B4FE04D1E4C54C90057D29F /* Info.plist */,
			);
			path = OpalImagePickerDemoTests;
			sourceTree = "<group>";
		};
		8B4FE0551E4C54C90057D29F /* OpalImagePickerDemoUITests */ = {
			isa = PBXGroup;
			children = (
				8B4FE0561E4C54C90057D29F /* OpalImagePickerDemoUITests.swift */,
				8B4FE0581E4C54C90057D29F /* Info.plist */,
			);
			path = OpalImagePickerDemoUITests;
			sourceTree = "<group>";
		};
		8BBF50EA1E4C5C8000A4DB1B /* View */ = {
			isa = PBXGroup;
			children = (
				8BBF50E61E4C58A500A4DB1B /* MainCollectionViewCell.swift */,
			);
			name = View;
			sourceTree = "<group>";
		};
		8BBF50EB1E4C5C8E00A4DB1B /* ViewController */ = {
			isa = PBXGroup;
			children = (
				8B4FE0381E4C54C90057D29F /* MainViewController.swift */,
				8BBF50E81E4C5B5A00A4DB1B /* PreviewViewController.swift */,
			);
			name = ViewController;
			sourceTree = "<group>";
		};
		8BBF50EC1E4C5CA100A4DB1B /* Supporting Files */ = {
			isa = PBXGroup;
			children = (
				8B4FE0361E4C54C90057D29F /* AppDelegate.swift */,
				8B4FE03A1E4C54C90057D29F /* Main.storyboard */,
				8B4FE03D1E4C54C90057D29F /* Assets.xcassets */,
				8B4FE03F1E4C54C90057D29F /* LaunchScreen.storyboard */,
				8B4FE0421E4C54C90057D29F /* Info.plist */,
			);
			name = "Supporting Files";
			sourceTree = "<group>";
		};
		E14E803403CA096447D1441C /* Pods */ = {
			isa = PBXGroup;
			children = (
				6BF535C8346EED94AE7F31D6 /* Pods-OpalImagePickerDemo.debug.xcconfig */,
				C6255DFB4CFB9820B03D5AA7 /* Pods-OpalImagePickerDemo.release.xcconfig */,
				06869005C9EE10260CDA01AC /* Pods-OpalImagePickerDemoTests.debug.xcconfig */,
				8C41B4DA7AB3362A56790F9F /* Pods-OpalImagePickerDemoTests.release.xcconfig */,
			);
			name = Pods;
			sourceTree = "<group>";
		};
/* End PBXGroup section */

/* Begin PBXNativeTarget section */
		8B4FE0321E4C54C90057D29F /* OpalImagePickerDemo */ = {
			isa = PBXNativeTarget;
			buildConfigurationList = 8B4FE05B1E4C54C90057D29F /* Build configuration list for PBXNativeTarget "OpalImagePickerDemo" */;
			buildPhases = (
				091C4E318B96DA0866C0BE2E /* [CP] Check Pods Manifest.lock */,
				8B4FE02F1E4C54C90057D29F /* Sources */,
				8B4FE0301E4C54C90057D29F /* Frameworks */,
				8B4FE0311E4C54C90057D29F /* Resources */,
				79A05E2B158382F80E2D3195 /* [CP] Embed Pods Frameworks */,
				FFDC73F76471085EEDD19128 /* [CP] Copy Pods Resources */,
			);
			buildRules = (
			);
			dependencies = (
			);
			name = OpalImagePickerDemo;
			productName = OpalImagePickerDemo;
			productReference = 8B4FE0331E4C54C90057D29F /* OpalImagePickerDemo.app */;
			productType = "com.apple.product-type.application";
		};
		8B4FE0461E4C54C90057D29F /* OpalImagePickerDemoTests */ = {
			isa = PBXNativeTarget;
			buildConfigurationList = 8B4FE05E1E4C54C90057D29F /* Build configuration list for PBXNativeTarget "OpalImagePickerDemoTests" */;
			buildPhases = (
				49D198D4F15F896C7BB616AD /* [CP] Check Pods Manifest.lock */,
				8B4FE0431E4C54C90057D29F /* Sources */,
				8B4FE0441E4C54C90057D29F /* Frameworks */,
				8B4FE0451E4C54C90057D29F /* Resources */,
				E8C5E55D31C0B35659009420 /* [CP] Embed Pods Frameworks */,
				A30664FDBBF603C7E2294F26 /* [CP] Copy Pods Resources */,
			);
			buildRules = (
			);
			dependencies = (
				8B4FE0491E4C54C90057D29F /* PBXTargetDependency */,
			);
			name = OpalImagePickerDemoTests;
			productName = OpalImagePickerDemoTests;
			productReference = 8B4FE0471E4C54C90057D29F /* OpalImagePickerDemoTests.xctest */;
			productType = "com.apple.product-type.bundle.unit-test";
		};
		8B4FE0511E4C54C90057D29F /* OpalImagePickerDemoUITests */ = {
			isa = PBXNativeTarget;
			buildConfigurationList = 8B4FE0611E4C54C90057D29F /* Build configuration list for PBXNativeTarget "OpalImagePickerDemoUITests" */;
			buildPhases = (
				8B4FE04E1E4C54C90057D29F /* Sources */,
				8B4FE04F1E4C54C90057D29F /* Frameworks */,
				8B4FE0501E4C54C90057D29F /* Resources */,
			);
			buildRules = (
			);
			dependencies = (
				8B4FE0541E4C54C90057D29F /* PBXTargetDependency */,
			);
			name = OpalImagePickerDemoUITests;
			productName = OpalImagePickerDemoUITests;
			productReference = 8B4FE0521E4C54C90057D29F /* OpalImagePickerDemoUITests.xctest */;
			productType = "com.apple.product-type.bundle.ui-testing";
		};
/* End PBXNativeTarget section */

/* Begin PBXProject section */
		8B4FE02B1E4C54C90057D29F /* Project object */ = {
			isa = PBXProject;
			attributes = {
				LastSwiftUpdateCheck = 0820;
				LastUpgradeCheck = 0820;
				ORGANIZATIONNAME = SIC;
				TargetAttributes = {
					8B4FE0321E4C54C90057D29F = {
						CreatedOnToolsVersion = 8.2.1;
						DevelopmentTeam = XY9H4LH9U8;
						ProvisioningStyle = Automatic;
					};
					8B4FE0461E4C54C90057D29F = {
						CreatedOnToolsVersion = 8.2.1;
						DevelopmentTeam = XY9H4LH9U8;
						ProvisioningStyle = Automatic;
						TestTargetID = 8B4FE0321E4C54C90057D29F;
					};
					8B4FE0511E4C54C90057D29F = {
						CreatedOnToolsVersion = 8.2.1;
						DevelopmentTeam = XY9H4LH9U8;
						ProvisioningStyle = Automatic;
						TestTargetID = 8B4FE0321E4C54C90057D29F;
					};
				};
			};
			buildConfigurationList = 8B4FE02E1E4C54C90057D29F /* Build configuration list for PBXProject "OpalImagePickerDemo" */;
			compatibilityVersion = "Xcode 3.2";
			developmentRegion = English;
			hasScannedForEncodings = 0;
			knownRegions = (
				en,
				Base,
			);
			mainGroup = 8B4FE02A1E4C54C90057D29F;
			productRefGroup = 8B4FE0341E4C54C90057D29F /* Products */;
			projectDirPath = "";
			projectRoot = "";
			targets = (
				8B4FE0321E4C54C90057D29F /* OpalImagePickerDemo */,
				8B4FE0461E4C54C90057D29F /* OpalImagePickerDemoTests */,
				8B4FE0511E4C54C90057D29F /* OpalImagePickerDemoUITests */,
			);
		};
/* End PBXProject section */

/* Begin PBXResourcesBuildPhase section */
		8B4FE0311E4C54C90057D29F /* Resources */ = {
			isa = PBXResourcesBuildPhase;
			buildActionMask = 2147483647;
			files = (
				8B4FE0411E4C54C90057D29F /* LaunchScreen.storyboard in Resources */,
				8B4FE03E1E4C54C90057D29F /* Assets.xcassets in Resources */,
				8B4FE03C1E4C54C90057D29F /* Main.storyboard in Resources */,
			);
			runOnlyForDeploymentPostprocessing = 0;
		};
		8B4FE0451E4C54C90057D29F /* Resources */ = {
			isa = PBXResourcesBuildPhase;
			buildActionMask = 2147483647;
			files = (
			);
			runOnlyForDeploymentPostprocessing = 0;
		};
		8B4FE0501E4C54C90057D29F /* Resources */ = {
			isa = PBXResourcesBuildPhase;
			buildActionMask = 2147483647;
			files = (
			);
			runOnlyForDeploymentPostprocessing = 0;
		};
/* End PBXResourcesBuildPhase section */

/* Begin PBXShellScriptBuildPhase section */
		091C4E318B96DA0866C0BE2E /* [CP] Check Pods Manifest.lock */ = {
			isa = PBXShellScriptBuildPhase;
			buildActionMask = 2147483647;
			files = (
			);
			inputPaths = (
			);
			name = "[CP] Check Pods Manifest.lock";
			outputPaths = (
			);
			runOnlyForDeploymentPostprocessing = 0;
			shellPath = /bin/sh;
			shellScript = "diff \"${PODS_ROOT}/../Podfile.lock\" \"${PODS_ROOT}/Manifest.lock\" > /dev/null\nif [ $? != 0 ] ; then\n    # print error to STDERR\n    echo \"error: The sandbox is not in sync with the Podfile.lock. Run 'pod install' or update your CocoaPods installation.\" >&2\n    exit 1\nfi\n";
			showEnvVarsInLog = 0;
		};
		49D198D4F15F896C7BB616AD /* [CP] Check Pods Manifest.lock */ = {
			isa = PBXShellScriptBuildPhase;
			buildActionMask = 2147483647;
			files = (
			);
			inputPaths = (
			);
			name = "[CP] Check Pods Manifest.lock";
			outputPaths = (
			);
			runOnlyForDeploymentPostprocessing = 0;
			shellPath = /bin/sh;
			shellScript = "diff \"${PODS_ROOT}/../Podfile.lock\" \"${PODS_ROOT}/Manifest.lock\" > /dev/null\nif [ $? != 0 ] ; then\n    # print error to STDERR\n    echo \"error: The sandbox is not in sync with the Podfile.lock. Run 'pod install' or update your CocoaPods installation.\" >&2\n    exit 1\nfi\n";
			showEnvVarsInLog = 0;
		};
		79A05E2B158382F80E2D3195 /* [CP] Embed Pods Frameworks */ = {
			isa = PBXShellScriptBuildPhase;
			buildActionMask = 2147483647;
			files = (
			);
			inputPaths = (
			);
			name = "[CP] Embed Pods Frameworks";
			outputPaths = (
			);
			runOnlyForDeploymentPostprocessing = 0;
			shellPath = /bin/sh;
			shellScript = "\"${SRCROOT}/Pods/Target Support Files/Pods-OpalImagePickerDemo/Pods-OpalImagePickerDemo-frameworks.sh\"\n";
			showEnvVarsInLog = 0;
		};
		A30664FDBBF603C7E2294F26 /* [CP] Copy Pods Resources */ = {
			isa = PBXShellScriptBuildPhase;
			buildActionMask = 2147483647;
			files = (
			);
			inputPaths = (
			);
			name = "[CP] Copy Pods Resources";
			outputPaths = (
			);
			runOnlyForDeploymentPostprocessing = 0;
			shellPath = /bin/sh;
			shellScript = "\"${SRCROOT}/Pods/Target Support Files/Pods-OpalImagePickerDemoTests/Pods-OpalImagePickerDemoTests-resources.sh\"\n";
			showEnvVarsInLog = 0;
		};
		E8C5E55D31C0B35659009420 /* [CP] Embed Pods Frameworks */ = {
			isa = PBXShellScriptBuildPhase;
			buildActionMask = 2147483647;
			files = (
			);
			inputPaths = (
			);
			name = "[CP] Embed Pods Frameworks";
			outputPaths = (
			);
			runOnlyForDeploymentPostprocessing = 0;
			shellPath = /bin/sh;
			shellScript = "\"${SRCROOT}/Pods/Target Support Files/Pods-OpalImagePickerDemoTests/Pods-OpalImagePickerDemoTests-frameworks.sh\"\n";
			showEnvVarsInLog = 0;
		};
		FFDC73F76471085EEDD19128 /* [CP] Copy Pods Resources */ = {
			isa = PBXShellScriptBuildPhase;
			buildActionMask = 2147483647;
			files = (
			);
			inputPaths = (
			);
			name = "[CP] Copy Pods Resources";
			outputPaths = (
			);
			runOnlyForDeploymentPostprocessing = 0;
			shellPath = /bin/sh;
			shellScript = "\"${SRCROOT}/Pods/Target Support Files/Pods-OpalImagePickerDemo/Pods-OpalImagePickerDemo-resources.sh\"\n";
			showEnvVarsInLog = 0;
		};
/* End PBXShellScriptBuildPhase section */

/* Begin PBXSourcesBuildPhase section */
		8B4FE02F1E4C54C90057D29F /* Sources */ = {
			isa = PBXSourcesBuildPhase;
			buildActionMask = 2147483647;
			files = (
				8B4FE0391E4C54C90057D29F /* MainViewController.swift in Sources */,
				8BBF50E71E4C58A500A4DB1B /* MainCollectionViewCell.swift in Sources */,
				8B4FE0371E4C54C90057D29F /* AppDelegate.swift in Sources */,
				8BBF50E91E4C5B5A00A4DB1B /* PreviewViewController.swift in Sources */,
			);
			runOnlyForDeploymentPostprocessing = 0;
		};
		8B4FE0431E4C54C90057D29F /* Sources */ = {
			isa = PBXSourcesBuildPhase;
			buildActionMask = 2147483647;
			files = (
				8B4FE04C1E4C54C90057D29F /* OpalImagePickerDemoTests.swift in Sources */,
			);
			runOnlyForDeploymentPostprocessing = 0;
		};
		8B4FE04E1E4C54C90057D29F /* Sources */ = {
			isa = PBXSourcesBuildPhase;
			buildActionMask = 2147483647;
			files = (
				8B4FE0571E4C54C90057D29F /* OpalImagePickerDemoUITests.swift in Sources */,
			);
			runOnlyForDeploymentPostprocessing = 0;
		};
/* End PBXSourcesBuildPhase section */

/* Begin PBXTargetDependency section */
		8B4FE0491E4C54C90057D29F /* PBXTargetDependency */ = {
			isa = PBXTargetDependency;
			target = 8B4FE0321E4C54C90057D29F /* OpalImagePickerDemo */;
			targetProxy = 8B4FE0481E4C54C90057D29F /* PBXContainerItemProxy */;
		};
		8B4FE0541E4C54C90057D29F /* PBXTargetDependency */ = {
			isa = PBXTargetDependency;
			target = 8B4FE0321E4C54C90057D29F /* OpalImagePickerDemo */;
			targetProxy = 8B4FE0531E4C54C90057D29F /* PBXContainerItemProxy */;
		};
/* End PBXTargetDependency section */

/* Begin PBXVariantGroup section */
		8B4FE03A1E4C54C90057D29F /* Main.storyboard */ = {
			isa = PBXVariantGroup;
			children = (
				8B4FE03B1E4C54C90057D29F /* Base */,
			);
			name = Main.storyboard;
			sourceTree = "<group>";
		};
		8B4FE03F1E4C54C90057D29F /* LaunchScreen.storyboard */ = {
			isa = PBXVariantGroup;
			children = (
				8B4FE0401E4C54C90057D29F /* Base */,
			);
			name = LaunchScreen.storyboard;
			sourceTree = "<group>";
		};
/* End PBXVariantGroup section */

/* Begin XCBuildConfiguration section */
		8B4FE0591E4C54C90057D29F /* Debug */ = {
			isa = XCBuildConfiguration;
			buildSettings = {
				ALWAYS_SEARCH_USER_PATHS = NO;
				CLANG_ANALYZER_NONNULL = YES;
				CLANG_CXX_LANGUAGE_STANDARD = "gnu++0x";
				CLANG_CXX_LIBRARY = "libc++";
				CLANG_ENABLE_MODULES = YES;
				CLANG_ENABLE_OBJC_ARC = YES;
				CLANG_WARN_BOOL_CONVERSION = YES;
				CLANG_WARN_CONSTANT_CONVERSION = YES;
				CLANG_WARN_DIRECT_OBJC_ISA_USAGE = YES_ERROR;
				CLANG_WARN_DOCUMENTATION_COMMENTS = YES;
				CLANG_WARN_EMPTY_BODY = YES;
				CLANG_WARN_ENUM_CONVERSION = YES;
				CLANG_WARN_INFINITE_RECURSION = YES;
				CLANG_WARN_INT_CONVERSION = YES;
				CLANG_WARN_OBJC_ROOT_CLASS = YES_ERROR;
				CLANG_WARN_SUSPICIOUS_MOVE = YES;
				CLANG_WARN_UNREACHABLE_CODE = YES;
				CLANG_WARN__DUPLICATE_METHOD_MATCH = YES;
				"CODE_SIGN_IDENTITY[sdk=iphoneos*]" = "iPhone Developer";
				COPY_PHASE_STRIP = NO;
				DEBUG_INFORMATION_FORMAT = dwarf;
				ENABLE_STRICT_OBJC_MSGSEND = YES;
				ENABLE_TESTABILITY = YES;
				GCC_C_LANGUAGE_STANDARD = gnu99;
				GCC_DYNAMIC_NO_PIC = NO;
				GCC_NO_COMMON_BLOCKS = YES;
				GCC_OPTIMIZATION_LEVEL = 0;
				GCC_PREPROCESSOR_DEFINITIONS = (
					"DEBUG=1",
					"$(inherited)",
				);
				GCC_WARN_64_TO_32_BIT_CONVERSION = YES;
				GCC_WARN_ABOUT_RETURN_TYPE = YES_ERROR;
				GCC_WARN_UNDECLARED_SELECTOR = YES;
				GCC_WARN_UNINITIALIZED_AUTOS = YES_AGGRESSIVE;
				GCC_WARN_UNUSED_FUNCTION = YES;
				GCC_WARN_UNUSED_VARIABLE = YES;
				IPHONEOS_DEPLOYMENT_TARGET = 8.0;
				MTL_ENABLE_DEBUG_INFO = YES;
				ONLY_ACTIVE_ARCH = YES;
				SDKROOT = iphoneos;
				SWIFT_ACTIVE_COMPILATION_CONDITIONS = DEBUG;
				SWIFT_OPTIMIZATION_LEVEL = "-Onone";
				TARGETED_DEVICE_FAMILY = "1,2";
			};
			name = Debug;
		};
		8B4FE05A1E4C54C90057D29F /* Release */ = {
			isa = XCBuildConfiguration;
			buildSettings = {
				ALWAYS_SEARCH_USER_PATHS = NO;
				CLANG_ANALYZER_NONNULL = YES;
				CLANG_CXX_LANGUAGE_STANDARD = "gnu++0x";
				CLANG_CXX_LIBRARY = "libc++";
				CLANG_ENABLE_MODULES = YES;
				CLANG_ENABLE_OBJC_ARC = YES;
				CLANG_WARN_BOOL_CONVERSION = YES;
				CLANG_WARN_CONSTANT_CONVERSION = YES;
				CLANG_WARN_DIRECT_OBJC_ISA_USAGE = YES_ERROR;
				CLANG_WARN_DOCUMENTATION_COMMENTS = YES;
				CLANG_WARN_EMPTY_BODY = YES;
				CLANG_WARN_ENUM_CONVERSION = YES;
				CLANG_WARN_INFINITE_RECURSION = YES;
				CLANG_WARN_INT_CONVERSION = YES;
				CLANG_WARN_OBJC_ROOT_CLASS = YES_ERROR;
				CLANG_WARN_SUSPICIOUS_MOVE = YES;
				CLANG_WARN_UNREACHABLE_CODE = YES;
				CLANG_WARN__DUPLICATE_METHOD_MATCH = YES;
				"CODE_SIGN_IDENTITY[sdk=iphoneos*]" = "iPhone Developer";
				COPY_PHASE_STRIP = NO;
				DEBUG_INFORMATION_FORMAT = "dwarf-with-dsym";
				ENABLE_NS_ASSERTIONS = NO;
				ENABLE_STRICT_OBJC_MSGSEND = YES;
				GCC_C_LANGUAGE_STANDARD = gnu99;
				GCC_NO_COMMON_BLOCKS = YES;
				GCC_WARN_64_TO_32_BIT_CONVERSION = YES;
				GCC_WARN_ABOUT_RETURN_TYPE = YES_ERROR;
				GCC_WARN_UNDECLARED_SELECTOR = YES;
				GCC_WARN_UNINITIALIZED_AUTOS = YES_AGGRESSIVE;
				GCC_WARN_UNUSED_FUNCTION = YES;
				GCC_WARN_UNUSED_VARIABLE = YES;
				IPHONEOS_DEPLOYMENT_TARGET = 8.0;
				MTL_ENABLE_DEBUG_INFO = NO;
				SDKROOT = iphoneos;
				SWIFT_OPTIMIZATION_LEVEL = "-Owholemodule";
				TARGETED_DEVICE_FAMILY = "1,2";
				VALIDATE_PRODUCT = YES;
			};
			name = Release;
		};
		8B4FE05C1E4C54C90057D29F /* Debug */ = {
			isa = XCBuildConfiguration;
			baseConfigurationReference = 6BF535C8346EED94AE7F31D6 /* Pods-OpalImagePickerDemo.debug.xcconfig */;
			buildSettings = {
				ASSETCATALOG_COMPILER_APPICON_NAME = AppIcon;
				DEVELOPMENT_TEAM = XY9H4LH9U8;
				INFOPLIST_FILE = OpalImagePickerDemo/Info.plist;
				LD_RUNPATH_SEARCH_PATHS = "$(inherited) @executable_path/Frameworks";
				PRODUCT_BUNDLE_IDENTIFIER = com.sic.OpalImagePickerDemo;
				PRODUCT_NAME = "$(TARGET_NAME)";
				SWIFT_VERSION = 3.0;
			};
			name = Debug;
		};
		8B4FE05D1E4C54C90057D29F /* Release */ = {
			isa = XCBuildConfiguration;
			baseConfigurationReference = C6255DFB4CFB9820B03D5AA7 /* Pods-OpalImagePickerDemo.release.xcconfig */;
			buildSettings = {
				ASSETCATALOG_COMPILER_APPICON_NAME = AppIcon;
				DEVELOPMENT_TEAM = XY9H4LH9U8;
				INFOPLIST_FILE = OpalImagePickerDemo/Info.plist;
				LD_RUNPATH_SEARCH_PATHS = "$(inherited) @executable_path/Frameworks";
				PRODUCT_BUNDLE_IDENTIFIER = com.sic.OpalImagePickerDemo;
				PRODUCT_NAME = "$(TARGET_NAME)";
				SWIFT_VERSION = 3.0;
			};
			name = Release;
		};
		8B4FE05F1E4C54C90057D29F /* Debug */ = {
			isa = XCBuildConfiguration;
			baseConfigurationReference = 06869005C9EE10260CDA01AC /* Pods-OpalImagePickerDemoTests.debug.xcconfig */;
			buildSettings = {
				ALWAYS_EMBED_SWIFT_STANDARD_LIBRARIES = YES;
				BUNDLE_LOADER = "$(TEST_HOST)";
				DEVELOPMENT_TEAM = XY9H4LH9U8;
				INFOPLIST_FILE = OpalImagePickerDemoTests/Info.plist;
				LD_RUNPATH_SEARCH_PATHS = "$(inherited) @executable_path/Frameworks @loader_path/Frameworks";
				PRODUCT_BUNDLE_IDENTIFIER = com.sic.OpalImagePickerDemoTests;
				PRODUCT_NAME = "$(TARGET_NAME)";
				SWIFT_VERSION = 3.0;
				TEST_HOST = "$(BUILT_PRODUCTS_DIR)/OpalImagePickerDemo.app/OpalImagePickerDemo";
			};
			name = Debug;
		};
		8B4FE0601E4C54C90057D29F /* Release */ = {
			isa = XCBuildConfiguration;
			baseConfigurationReference = 8C41B4DA7AB3362A56790F9F /* Pods-OpalImagePickerDemoTests.release.xcconfig */;
			buildSettings = {
				ALWAYS_EMBED_SWIFT_STANDARD_LIBRARIES = YES;
				BUNDLE_LOADER = "$(TEST_HOST)";
				DEVELOPMENT_TEAM = XY9H4LH9U8;
				INFOPLIST_FILE = OpalImagePickerDemoTests/Info.plist;
				LD_RUNPATH_SEARCH_PATHS = "$(inherited) @executable_path/Frameworks @loader_path/Frameworks";
				PRODUCT_BUNDLE_IDENTIFIER = com.sic.OpalImagePickerDemoTests;
				PRODUCT_NAME = "$(TARGET_NAME)";
				SWIFT_VERSION = 3.0;
				TEST_HOST = "$(BUILT_PRODUCTS_DIR)/OpalImagePickerDemo.app/OpalImagePickerDemo";
			};
			name = Release;
		};
		8B4FE0621E4C54C90057D29F /* Debug */ = {
			isa = XCBuildConfiguration;
			buildSettings = {
				ALWAYS_EMBED_SWIFT_STANDARD_LIBRARIES = YES;
				DEVELOPMENT_TEAM = XY9H4LH9U8;
				INFOPLIST_FILE = OpalImagePickerDemoUITests/Info.plist;
				LD_RUNPATH_SEARCH_PATHS = "$(inherited) @executable_path/Frameworks @loader_path/Frameworks";
				PRODUCT_BUNDLE_IDENTIFIER = com.sic.OpalImagePickerDemoUITests;
				PRODUCT_NAME = "$(TARGET_NAME)";
				SWIFT_VERSION = 3.0;
				TEST_TARGET_NAME = OpalImagePickerDemo;
			};
			name = Debug;
		};
		8B4FE0631E4C54C90057D29F /* Release */ = {
			isa = XCBuildConfiguration;
			buildSettings = {
				ALWAYS_EMBED_SWIFT_STANDARD_LIBRARIES = YES;
				DEVELOPMENT_TEAM = XY9H4LH9U8;
				INFOPLIST_FILE = OpalImagePickerDemoUITests/Info.plist;
				LD_RUNPATH_SEARCH_PATHS = "$(inherited) @executable_path/Frameworks @loader_path/Frameworks";
				PRODUCT_BUNDLE_IDENTIFIER = com.sic.OpalImagePickerDemoUITests;
				PRODUCT_NAME = "$(TARGET_NAME)";
				SWIFT_VERSION = 3.0;
				TEST_TARGET_NAME = OpalImagePickerDemo;
			};
			name = Release;
		};
/* End XCBuildConfiguration section */

/* Begin XCConfigurationList section */
		8B4FE02E1E4C54C90057D29F /* Build configuration list for PBXProject "OpalImagePickerDemo" */ = {
			isa = XCConfigurationList;
			buildConfigurations = (
				8B4FE0591E4C54C90057D29F /* Debug */,
				8B4FE05A1E4C54C90057D29F /* Release */,
			);
			defaultConfigurationIsVisible = 0;
			defaultConfigurationName = Release;
		};
		8B4FE05B1E4C54C90057D29F /* Build configuration list for PBXNativeTarget "OpalImagePickerDemo" */ = {
			isa = XCConfigurationList;
			buildConfigurations = (
				8B4FE05C1E4C54C90057D29F /* Debug */,
				8B4FE05D1E4C54C90057D29F /* Release */,
			);
			defaultConfigurationIsVisible = 0;
			defaultConfigurationName = Release;
		};
		8B4FE05E1E4C54C90057D29F /* Build configuration list for PBXNativeTarget "OpalImagePickerDemoTests" */ = {
			isa = XCConfigurationList;
			buildConfigurations = (
				8B4FE05F1E4C54C90057D29F /* Debug */,
				8B4FE0601E4C54C90057D29F /* Release */,
			);
			defaultConfigurationIsVisible = 0;
			defaultConfigurationName = Release;
		};
		8B4FE0611E4C54C90057D29F /* Build configuration list for PBXNativeTarget "OpalImagePickerDemoUITests" */ = {
			isa = XCConfigurationList;
			buildConfigurations = (
				8B4FE0621E4C54C90057D29F /* Debug */,
				8B4FE0631E4C54C90057D29F /* Release */,
			);
			defaultConfigurationIsVisible = 0;
			defaultConfigurationName = Release;
		};
/* End XCConfigurationList section */
	};
	rootObject = 8B4FE02B1E4C54C90057D29F /* Project object */;
}
